// !$*UTF8*$!
{
	archiveVersion = 1;
	classes = {
	};
	objectVersion = 46;
	objects = {

/* Begin PBXBuildFile section */
		8489E7B61E52BE5900DFDC64 /* ABView.swift in Sources */ = {isa = PBXBuildFile; fileRef = 8489E7AA1E52BE5900DFDC64 /* ABView.swift */; };
		8489E7B71E52BE5900DFDC64 /* ABPlayerController.swift in Sources */ = {isa = PBXBuildFile; fileRef = 8489E7AB1E52BE5900DFDC64 /* ABPlayerController.swift */; };
		8489E7B81E52BE5900DFDC64 /* ABWindow.swift in Sources */ = {isa = PBXBuildFile; fileRef = 8489E7AC1E52BE5900DFDC64 /* ABWindow.swift */; };
		8489E7B91E52BE5900DFDC64 /* ABExpandedView.swift in Sources */ = {isa = PBXBuildFile; fileRef = 8489E7AD1E52BE5900DFDC64 /* ABExpandedView.swift */; };
		8489E7BA1E52BE5900DFDC64 /* ABCollapsedView.xib in Resources */ = {isa = PBXBuildFile; fileRef = 8489E7AE1E52BE5900DFDC64 /* ABCollapsedView.xib */; };
		8489E7BB1E52BE5900DFDC64 /* ABExpandedView.xib in Resources */ = {isa = PBXBuildFile; fileRef = 8489E7AF1E52BE5900DFDC64 /* ABExpandedView.xib */; };
		8489E7BC1E52BE5900DFDC64 /* ABPlayerController.xib in Resources */ = {isa = PBXBuildFile; fileRef = 8489E7B01E52BE5900DFDC64 /* ABPlayerController.xib */; };
		8489E7BD1E52BE5900DFDC64 /* ABButton.swift in Sources */ = {isa = PBXBuildFile; fileRef = 8489E7B11E52BE5900DFDC64 /* ABButton.swift */; };
		8489E7BE1E52BE5900DFDC64 /* ABImageView.swift in Sources */ = {isa = PBXBuildFile; fileRef = 8489E7B21E52BE5900DFDC64 /* ABImageView.swift */; };
		8489E7BF1E52BE5900DFDC64 /* ABSliderCell.swift in Sources */ = {isa = PBXBuildFile; fileRef = 8489E7B31E52BE5900DFDC64 /* ABSliderCell.swift */; };
		8489E7C01E52BE5900DFDC64 /* ABCollapsedView.swift in Sources */ = {isa = PBXBuildFile; fileRef = 8489E7B41E52BE5900DFDC64 /* ABCollapsedView.swift */; };
		8489E7C11E52BE5900DFDC64 /* ABTintable.swift in Sources */ = {isa = PBXBuildFile; fileRef = 8489E7B51E52BE5900DFDC64 /* ABTintable.swift */; };
		8489E7C31E52BECD00DFDC64 /* Assets.xcassets in Resources */ = {isa = PBXBuildFile; fileRef = 8489E7C21E52BECD00DFDC64 /* Assets.xcassets */; };
		8489E7ED1E53A36500DFDC64 /* ABPlayerInterface.framework in Frameworks */ = {isa = PBXBuildFile; fileRef = 8489E7EC1E53A36500DFDC64 /* ABPlayerInterface.framework */; };
		C04A0B3F2675013C009CBA0D /* ABPlayerController+volume.swift in Sources */ = {isa = PBXBuildFile; fileRef = C04A0B3E2675013C009CBA0D /* ABPlayerController+volume.swift */; };
/* End PBXBuildFile section */

/* Begin PBXFileReference section */
		8489E79F1E52BE3500DFDC64 /* ABPlayerController.framework */ = {isa = PBXFileReference; explicitFileType = wrapper.framework; includeInIndex = 0; path = ABPlayerController.framework; sourceTree = BUILT_PRODUCTS_DIR; };
		8489E7A31E52BE3500DFDC64 /* Info.plist */ = {isa = PBXFileReference; lastKnownFileType = text.plist.xml; path = Info.plist; sourceTree = "<group>"; };
		8489E7AA1E52BE5900DFDC64 /* ABView.swift */ = {isa = PBXFileReference; fileEncoding = 4; lastKnownFileType = sourcecode.swift; lineEnding = 0; path = ABView.swift; sourceTree = "<group>"; xcLanguageSpecificationIdentifier = xcode.lang.swift; };
		8489E7AB1E52BE5900DFDC64 /* ABPlayerController.swift */ = {isa = PBXFileReference; fileEncoding = 4; lastKnownFileType = sourcecode.swift; lineEnding = 0; path = ABPlayerController.swift; sourceTree = "<group>"; xcLanguageSpecificationIdentifier = xcode.lang.swift; };
		8489E7AC1E52BE5900DFDC64 /* ABWindow.swift */ = {isa = PBXFileReference; fileEncoding = 4; lastKnownFileType = sourcecode.swift; lineEnding = 0; path = ABWindow.swift; sourceTree = "<group>"; xcLanguageSpecificationIdentifier = xcode.lang.swift; };
		8489E7AD1E52BE5900DFDC64 /* ABExpandedView.swift */ = {isa = PBXFileReference; fileEncoding = 4; lastKnownFileType = sourcecode.swift; lineEnding = 0; path = ABExpandedView.swift; sourceTree = "<group>"; xcLanguageSpecificationIdentifier = xcode.lang.swift; };
		8489E7AE1E52BE5900DFDC64 /* ABCollapsedView.xib */ = {isa = PBXFileReference; fileEncoding = 4; lastKnownFileType = file.xib; path = ABCollapsedView.xib; sourceTree = "<group>"; };
		8489E7AF1E52BE5900DFDC64 /* ABExpandedView.xib */ = {isa = PBXFileReference; fileEncoding = 4; lastKnownFileType = file.xib; path = ABExpandedView.xib; sourceTree = "<group>"; };
		8489E7B01E52BE5900DFDC64 /* ABPlayerController.xib */ = {isa = PBXFileReference; fileEncoding = 4; lastKnownFileType = file.xib; path = ABPlayerController.xib; sourceTree = "<group>"; };
		8489E7B11E52BE5900DFDC64 /* ABButton.swift */ = {isa = PBXFileReference; fileEncoding = 4; lastKnownFileType = sourcecode.swift; lineEnding = 0; path = ABButton.swift; sourceTree = "<group>"; xcLanguageSpecificationIdentifier = xcode.lang.swift; };
		8489E7B21E52BE5900DFDC64 /* ABImageView.swift */ = {isa = PBXFileReference; fileEncoding = 4; lastKnownFileType = sourcecode.swift; lineEnding = 0; path = ABImageView.swift; sourceTree = "<group>"; xcLanguageSpecificationIdentifier = xcode.lang.swift; };
		8489E7B31E52BE5900DFDC64 /* ABSliderCell.swift */ = {isa = PBXFileReference; fileEncoding = 4; lastKnownFileType = sourcecode.swift; lineEnding = 0; path = ABSliderCell.swift; sourceTree = "<group>"; xcLanguageSpecificationIdentifier = xcode.lang.swift; };
		8489E7B41E52BE5900DFDC64 /* ABCollapsedView.swift */ = {isa = PBXFileReference; fileEncoding = 4; lastKnownFileType = sourcecode.swift; lineEnding = 0; path = ABCollapsedView.swift; sourceTree = "<group>"; xcLanguageSpecificationIdentifier = xcode.lang.swift; };
		8489E7B51E52BE5900DFDC64 /* ABTintable.swift */ = {isa = PBXFileReference; fileEncoding = 4; lastKnownFileType = sourcecode.swift; lineEnding = 0; path = ABTintable.swift; sourceTree = "<group>"; xcLanguageSpecificationIdentifier = xcode.lang.swift; };
		8489E7C21E52BECD00DFDC64 /* Assets.xcassets */ = {isa = PBXFileReference; lastKnownFileType = folder.assetcatalog; path = Assets.xcassets; sourceTree = "<group>"; };
		8489E7CB1E52BF4900DFDC64 /* ABProtocols.framework */ = {isa = PBXFileReference; lastKnownFileType = wrapper.framework; name = ABProtocols.framework; path = "../../Library/Developer/Xcode/DerivedData/AirBass-copfgxgldfplacgypfcteepohutk/Build/Products/Debug/ABProtocols.framework"; sourceTree = "<group>"; };
		8489E7EC1E53A36500DFDC64 /* ABPlayerInterface.framework */ = {isa = PBXFileReference; lastKnownFileType = wrapper.framework; name = ABPlayerInterface.framework; path = ../workspace/ABPlayerInterface/build/Debug/ABPlayerInterface.framework; sourceTree = "<group>"; };
		84C2B2F31E5AB7CB0039EC0C /* README.md */ = {isa = PBXFileReference; fileEncoding = 4; lastKnownFileType = net.daringfireball.markdown; path = README.md; sourceTree = "<group>"; };
		84C2B2F41E5AB7CB0039EC0C /* LICENSE */ = {isa = PBXFileReference; fileEncoding = 4; lastKnownFileType = text; path = LICENSE; sourceTree = "<group>"; };
		C04A0B3E2675013C009CBA0D /* ABPlayerController+volume.swift */ = {isa = PBXFileReference; lastKnownFileType = sourcecode.swift; path = "ABPlayerController+volume.swift"; sourceTree = "<group>"; };
/* End PBXFileReference section */

/* Begin PBXFrameworksBuildPhase section */
		8489E79B1E52BE3500DFDC64 /* Frameworks */ = {
			isa = PBXFrameworksBuildPhase;
			buildActionMask = 2147483647;
			files = (
				8489E7ED1E53A36500DFDC64 /* ABPlayerInterface.framework in Frameworks */,
			);
			runOnlyForDeploymentPostprocessing = 0;
		};
/* End PBXFrameworksBuildPhase section */

/* Begin PBXGroup section */
		840D20E31E53F5370077C001 /* Public */ = {
			isa = PBXGroup;
			children = (
				8489E7AB1E52BE5900DFDC64 /* ABPlayerController.swift */,
				C04A0B3E2675013C009CBA0D /* ABPlayerController+volume.swift */,
				8489E7AC1E52BE5900DFDC64 /* ABWindow.swift */,
			);
			path = Public;
			sourceTree = "<group>";
		};
		840D20E41E53F5490077C001 /* Private */ = {
			isa = PBXGroup;
			children = (
				8489E7B11E52BE5900DFDC64 /* ABButton.swift */,
				8489E7B41E52BE5900DFDC64 /* ABCollapsedView.swift */,
				8489E7AD1E52BE5900DFDC64 /* ABExpandedView.swift */,
				8489E7B21E52BE5900DFDC64 /* ABImageView.swift */,
				8489E7B31E52BE5900DFDC64 /* ABSliderCell.swift */,
				8489E7B51E52BE5900DFDC64 /* ABTintable.swift */,
				8489E7AA1E52BE5900DFDC64 /* ABView.swift */,
			);
			path = Private;
			sourceTree = "<group>";
		};
		8489E7951E52BE3400DFDC64 = {
			isa = PBXGroup;
			children = (
				8489E7A11E52BE3500DFDC64 /* ABPlayerController */,
				8489E7CA1E52BF4800DFDC64 /* Frameworks */,
				8489E7A01E52BE3500DFDC64 /* Products */,
				84C2B2F41E5AB7CB0039EC0C /* LICENSE */,
				84C2B2F31E5AB7CB0039EC0C /* README.md */,
			);
			sourceTree = "<group>";
		};
		8489E7A01E52BE3500DFDC64 /* Products */ = {
			isa = PBXGroup;
			children = (
				8489E79F1E52BE3500DFDC64 /* ABPlayerController.framework */,
			);
			name = Products;
			sourceTree = "<group>";
		};
		8489E7A11E52BE3500DFDC64 /* ABPlayerController */ = {
			isa = PBXGroup;
			children = (
				840D20E41E53F5490077C001 /* Private */,
				840D20E31E53F5370077C001 /* Public */,
				8489E7AE1E52BE5900DFDC64 /* ABCollapsedView.xib */,
				8489E7AF1E52BE5900DFDC64 /* ABExpandedView.xib */,
				8489E7B01E52BE5900DFDC64 /* ABPlayerController.xib */,
				8489E7C21E52BECD00DFDC64 /* Assets.xcassets */,
				8489E7A31E52BE3500DFDC64 /* Info.plist */,
			);
			path = ABPlayerController;
			sourceTree = "<group>";
		};
		8489E7CA1E52BF4800DFDC64 /* Frameworks */ = {
			isa = PBXGroup;
			children = (
				8489E7EC1E53A36500DFDC64 /* ABPlayerInterface.framework */,
				8489E7CB1E52BF4900DFDC64 /* ABProtocols.framework */,
			);
			name = Frameworks;
			sourceTree = "<group>";
		};
/* End PBXGroup section */

/* Begin PBXHeadersBuildPhase section */
		8489E79C1E52BE3500DFDC64 /* Headers */ = {
			isa = PBXHeadersBuildPhase;
			buildActionMask = 2147483647;
			files = (
			);
			runOnlyForDeploymentPostprocessing = 0;
		};
/* End PBXHeadersBuildPhase section */

/* Begin PBXNativeTarget section */
		8489E79E1E52BE3500DFDC64 /* ABPlayerController */ = {
			isa = PBXNativeTarget;
			buildConfigurationList = 8489E7A71E52BE3500DFDC64 /* Build configuration list for PBXNativeTarget "ABPlayerController" */;
			buildPhases = (
				8489E79A1E52BE3500DFDC64 /* Sources */,
				8489E79B1E52BE3500DFDC64 /* Frameworks */,
				8489E79C1E52BE3500DFDC64 /* Headers */,
				8489E79D1E52BE3500DFDC64 /* Resources */,
			);
			buildRules = (
			);
			dependencies = (
			);
			name = ABPlayerController;
			productName = ABPlayerController;
			productReference = 8489E79F1E52BE3500DFDC64 /* ABPlayerController.framework */;
			productType = "com.apple.product-type.framework";
		};
/* End PBXNativeTarget section */

/* Begin PBXProject section */
		8489E7961E52BE3400DFDC64 /* Project object */ = {
			isa = PBXProject;
			attributes = {
				LastUpgradeCheck = 1200;
				TargetAttributes = {
					8489E79E1E52BE3500DFDC64 = {
						CreatedOnToolsVersion = 8.2.1;
						DevelopmentTeam = 9428KZA92S;
						LastSwiftMigration = 1100;
						ProvisioningStyle = Automatic;
					};
				};
			};
			buildConfigurationList = 8489E7991E52BE3400DFDC64 /* Build configuration list for PBXProject "ABPlayerController" */;
			compatibilityVersion = "Xcode 3.2";
			developmentRegion = en;
			hasScannedForEncodings = 0;
			knownRegions = (
				en,
				Base,
			);
			mainGroup = 8489E7951E52BE3400DFDC64;
			productRefGroup = 8489E7A01E52BE3500DFDC64 /* Products */;
			projectDirPath = "";
			projectRoot = "";
			targets = (
				8489E79E1E52BE3500DFDC64 /* ABPlayerController */,
			);
		};
/* End PBXProject section */

/* Begin PBXResourcesBuildPhase section */
		8489E79D1E52BE3500DFDC64 /* Resources */ = {
			isa = PBXResourcesBuildPhase;
			buildActionMask = 2147483647;
			files = (
				8489E7BB1E52BE5900DFDC64 /* ABExpandedView.xib in Resources */,
				8489E7BA1E52BE5900DFDC64 /* ABCollapsedView.xib in Resources */,
				8489E7C31E52BECD00DFDC64 /* Assets.xcassets in Resources */,
				8489E7BC1E52BE5900DFDC64 /* ABPlayerController.xib in Resources */,
			);
			runOnlyForDeploymentPostprocessing = 0;
		};
/* End PBXResourcesBuildPhase section */

/* Begin PBXSourcesBuildPhase section */
		8489E79A1E52BE3500DFDC64 /* Sources */ = {
			isa = PBXSourcesBuildPhase;
			buildActionMask = 2147483647;
			files = (
				8489E7B61E52BE5900DFDC64 /* ABView.swift in Sources */,
				8489E7BF1E52BE5900DFDC64 /* ABSliderCell.swift in Sources */,
				8489E7B71E52BE5900DFDC64 /* ABPlayerController.swift in Sources */,
				8489E7B91E52BE5900DFDC64 /* ABExpandedView.swift in Sources */,
				8489E7B81E52BE5900DFDC64 /* ABWindow.swift in Sources */,
				8489E7C01E52BE5900DFDC64 /* ABCollapsedView.swift in Sources */,
				8489E7BD1E52BE5900DFDC64 /* ABButton.swift in Sources */,
				8489E7BE1E52BE5900DFDC64 /* ABImageView.swift in Sources */,
				C04A0B3F2675013C009CBA0D /* ABPlayerController+volume.swift in Sources */,
				8489E7C11E52BE5900DFDC64 /* ABTintable.swift in Sources */,
			);
			runOnlyForDeploymentPostprocessing = 0;
		};
/* End PBXSourcesBuildPhase section */

/* Begin XCBuildConfiguration section */
		8489E7A51E52BE3500DFDC64 /* Debug */ = {
			isa = XCBuildConfiguration;
			buildSettings = {
				ALWAYS_SEARCH_USER_PATHS = NO;
				CLANG_ANALYZER_LOCALIZABILITY_NONLOCALIZED = YES;
				CLANG_ANALYZER_NONNULL = YES;
				CLANG_CXX_LANGUAGE_STANDARD = "gnu++0x";
				CLANG_CXX_LIBRARY = "libc++";
				CLANG_ENABLE_MODULES = YES;
				CLANG_ENABLE_OBJC_ARC = YES;
				CLANG_WARN_BLOCK_CAPTURE_AUTORELEASING = YES;
				CLANG_WARN_BOOL_CONVERSION = YES;
				CLANG_WARN_COMMA = YES;
				CLANG_WARN_CONSTANT_CONVERSION = YES;
				CLANG_WARN_DEPRECATED_OBJC_IMPLEMENTATIONS = YES;
				CLANG_WARN_DIRECT_OBJC_ISA_USAGE = YES_ERROR;
				CLANG_WARN_DOCUMENTATION_COMMENTS = YES;
				CLANG_WARN_EMPTY_BODY = YES;
				CLANG_WARN_ENUM_CONVERSION = YES;
				CLANG_WARN_INFINITE_RECURSION = YES;
				CLANG_WARN_INT_CONVERSION = YES;
				CLANG_WARN_NON_LITERAL_NULL_CONVERSION = YES;
				CLANG_WARN_OBJC_IMPLICIT_RETAIN_SELF = YES;
				CLANG_WARN_OBJC_LITERAL_CONVERSION = YES;
				CLANG_WARN_OBJC_ROOT_CLASS = YES_ERROR;
				CLANG_WARN_QUOTED_INCLUDE_IN_FRAMEWORK_HEADER = YES;
				CLANG_WARN_RANGE_LOOP_ANALYSIS = YES;
				CLANG_WARN_STRICT_PROTOTYPES = YES;
				CLANG_WARN_SUSPICIOUS_MOVE = YES;
				CLANG_WARN_UNREACHABLE_CODE = YES;
				CLANG_WARN__DUPLICATE_METHOD_MATCH = YES;
				CODE_SIGN_IDENTITY = "-";
				COPY_PHASE_STRIP = NO;
				CURRENT_PROJECT_VERSION = 1;
				DEBUG_INFORMATION_FORMAT = dwarf;
				ENABLE_STRICT_OBJC_MSGSEND = YES;
				ENABLE_TESTABILITY = YES;
				GCC_C_LANGUAGE_STANDARD = gnu99;
				GCC_DYNAMIC_NO_PIC = NO;
				GCC_NO_COMMON_BLOCKS = YES;
				GCC_OPTIMIZATION_LEVEL = 0;
				GCC_PREPROCESSOR_DEFINITIONS = (
					"DEBUG=1",
					"$(inherited)",
				);
				GCC_WARN_64_TO_32_BIT_CONVERSION = YES;
				GCC_WARN_ABOUT_RETURN_TYPE = YES_ERROR;
				GCC_WARN_UNDECLARED_SELECTOR = YES;
				GCC_WARN_UNINITIALIZED_AUTOS = YES_AGGRESSIVE;
				GCC_WARN_UNUSED_FUNCTION = YES;
				GCC_WARN_UNUSED_VARIABLE = YES;
				MACOSX_DEPLOYMENT_TARGET = 10.12;
				MTL_ENABLE_DEBUG_INFO = YES;
				ONLY_ACTIVE_ARCH = YES;
				SDKROOT = macosx;
				SWIFT_ACTIVE_COMPILATION_CONDITIONS = DEBUG;
				SWIFT_OPTIMIZATION_LEVEL = "-Onone";
				VERSIONING_SYSTEM = "apple-generic";
				VERSION_INFO_PREFIX = "";
			};
			name = Debug;
		};
		8489E7A61E52BE3500DFDC64 /* Release */ = {
			isa = XCBuildConfiguration;
			buildSettings = {
				ALWAYS_SEARCH_USER_PATHS = NO;
				CLANG_ANALYZER_LOCALIZABILITY_NONLOCALIZED = YES;
				CLANG_ANALYZER_NONNULL = YES;
				CLANG_CXX_LANGUAGE_STANDARD = "gnu++0x";
				CLANG_CXX_LIBRARY = "libc++";
				CLANG_ENABLE_MODULES = YES;
				CLANG_ENABLE_OBJC_ARC = YES;
				CLANG_WARN_BLOCK_CAPTURE_AUTORELEASING = YES;
				CLANG_WARN_BOOL_CONVERSION = YES;
				CLANG_WARN_COMMA = YES;
				CLANG_WARN_CONSTANT_CONVERSION = YES;
				CLANG_WARN_DEPRECATED_OBJC_IMPLEMENTATIONS = YES;
				CLANG_WARN_DIRECT_OBJC_ISA_USAGE = YES_ERROR;
				CLANG_WARN_DOCUMENTATION_COMMENTS = YES;
				CLANG_WARN_EMPTY_BODY = YES;
				CLANG_WARN_ENUM_CONVERSION = YES;
				CLANG_WARN_INFINITE_RECURSION = YES;
				CLANG_WARN_INT_CONVERSION = YES;
				CLANG_WARN_NON_LITERAL_NULL_CONVERSION = YES;
				CLANG_WARN_OBJC_IMPLICIT_RETAIN_SELF = YES;
				CLANG_WARN_OBJC_LITERAL_CONVERSION = YES;
				CLANG_WARN_OBJC_ROOT_CLASS = YES_ERROR;
				CLANG_WARN_QUOTED_INCLUDE_IN_FRAMEWORK_HEADER = YES;
				CLANG_WARN_RANGE_LOOP_ANALYSIS = YES;
				CLANG_WARN_STRICT_PROTOTYPES = YES;
				CLANG_WARN_SUSPICIOUS_MOVE = YES;
				CLANG_WARN_UNREACHABLE_CODE = YES;
				CLANG_WARN__DUPLICATE_METHOD_MATCH = YES;
				CODE_SIGN_IDENTITY = "-";
				COPY_PHASE_STRIP = NO;
				CURRENT_PROJECT_VERSION = 1;
				DEBUG_INFORMATION_FORMAT = "dwarf-with-dsym";
				ENABLE_NS_ASSERTIONS = NO;
				ENABLE_STRICT_OBJC_MSGSEND = YES;
				GCC_C_LANGUAGE_STANDARD = gnu99;
				GCC_NO_COMMON_BLOCKS = YES;
				GCC_WARN_64_TO_32_BIT_CONVERSION = YES;
				GCC_WARN_ABOUT_RETURN_TYPE = YES_ERROR;
				GCC_WARN_UNDECLARED_SELECTOR = YES;
				GCC_WARN_UNINITIALIZED_AUTOS = YES_AGGRESSIVE;
				GCC_WARN_UNUSED_FUNCTION = YES;
				GCC_WARN_UNUSED_VARIABLE = YES;
				MACOSX_DEPLOYMENT_TARGET = 10.12;
				MTL_ENABLE_DEBUG_INFO = NO;
				SDKROOT = macosx;
				SWIFT_OPTIMIZATION_LEVEL = "-Owholemodule";
				VERSIONING_SYSTEM = "apple-generic";
				VERSION_INFO_PREFIX = "";
			};
			name = Release;
		};
		8489E7A81E52BE3500DFDC64 /* Debug */ = {
			isa = XCBuildConfiguration;
			buildSettings = {
				CLANG_ENABLE_MODULES = YES;
				CODE_SIGN_IDENTITY = "";
				COMBINE_HIDPI_IMAGES = YES;
				DEFINES_MODULE = YES;
				DEVELOPMENT_TEAM = 9428KZA92S;
				DYLIB_COMPATIBILITY_VERSION = 1;
				DYLIB_CURRENT_VERSION = 1;
				DYLIB_INSTALL_NAME_BASE = "@rpath";
				FRAMEWORK_VERSION = A;
				INFOPLIST_FILE = ABPlayerController/Info.plist;
				INSTALL_PATH = "$(LOCAL_LIBRARY_DIR)/Frameworks";
				LD_RUNPATH_SEARCH_PATHS = "$(inherited) @executable_path/../Frameworks @loader_path/Frameworks";
				MACOSX_DEPLOYMENT_TARGET = 10.11;
				PRODUCT_BUNDLE_IDENTIFIER = com.jenghis.abplayercontroller;
				PRODUCT_NAME = "$(TARGET_NAME)";
				SKIP_INSTALL = YES;
				SWIFT_OPTIMIZATION_LEVEL = "-Onone";
				SWIFT_VERSION = 5.0;
			};
			name = Debug;
		};
		8489E7A91E52BE3500DFDC64 /* Release */ = {
			isa = XCBuildConfiguration;
			buildSettings = {
				CLANG_ENABLE_MODULES = YES;
				CODE_SIGN_IDENTITY = "";
				COMBINE_HIDPI_IMAGES = YES;
				DEFINES_MODULE = YES;
				DEVELOPMENT_TEAM = 9428KZA92S;
				DYLIB_COMPATIBILITY_VERSION = 1;
				DYLIB_CURRENT_VERSION = 1;
				DYLIB_INSTALL_NAME_BASE = "@rpath";
				FRAMEWORK_VERSION = A;
				INFOPLIST_FILE = ABPlayerController/Info.plist;
				INSTALL_PATH = "$(LOCAL_LIBRARY_DIR)/Frameworks";
				LD_RUNPATH_SEARCH_PATHS = "$(inherited) @executable_path/../Frameworks @loader_path/Frameworks";
				MACOSX_DEPLOYMENT_TARGET = 10.11;
				PRODUCT_BUNDLE_IDENTIFIER = com.jenghis.abplayercontroller;
				PRODUCT_NAME = "$(TARGET_NAME)";
				SKIP_INSTALL = YES;
				SWIFT_VERSION = 5.0;
			};
			name = Release;
		};
/* End XCBuildConfiguration section */

/* Begin XCConfigurationList section */
		8489E7991E52BE3400DFDC64 /* Build configuration list for PBXProject "ABPlayerController" */ = {
			isa = XCConfigurationList;
			buildConfigurations = (
				8489E7A51E52BE3500DFDC64 /* Debug */,
				8489E7A61E52BE3500DFDC64 /* Release */,
			);
			defaultConfigurationIsVisible = 0;
			defaultConfigurationName = Release;
		};
		8489E7A71E52BE3500DFDC64 /* Build configuration list for PBXNativeTarget "ABPlayerController" */ = {
			isa = XCConfigurationList;
			buildConfigurations = (
				8489E7A81E52BE3500DFDC64 /* Debug */,
				8489E7A91E52BE3500DFDC64 /* Release */,
			);
			defaultConfigurationIsVisible = 0;
			defaultConfigurationName = Release;
		};
/* End XCConfigurationList section */
	};
	rootObject = 8489E7961E52BE3400DFDC64 /* Project object */;
}
